
Microsoft Visual Studio Solution File, Format Version 12.00
# Visual Studio Version 16
VisualStudioVersion = 16.0.33529.622
MinimumVisualStudioVersion = 10.0.40219.1
Project("{FAE04EC0-301F-11D3-BF4B-00C04F79EFBC}") = "Calc", "Calc.csproj", "{382F8DF2-BA08-4892-A256-32853B72B32F}"
EndProject
Global
	GlobalSection(SolutionConfigurationPlatforms) = preSolution
		Debug|Any CPU = Debug|Any CPU
		Release|Any CPU = Release|Any CPU
	EndGlobalSection
	GlobalSection(ProjectConfigurationPlatforms) = postSolution
		{382F8DF2-BA08-4892-A256-32853B72B32F}.Debug|Any CPU.ActiveCfg = Debug|Any CPU
		{382F8DF2-BA08-4892-A256-32853B72B32F}.Debug|Any CPU.Build.0 = Debug|Any CPU
		{382F8DF2-BA08-4892-A256-32853B72B32F}.Release|Any CPU.ActiveCfg = Release|Any CPU
		{382F8DF2-BA08-4892-A256-32853B72B32F}.Release|Any CPU.Build.0 = Release|Any CPU
	EndGlobalSection
	GlobalSection(SolutionProperties) = preSolution
		HideSolutionNode = FALSE
	EndGlobalSection
	GlobalSection(ExtensibilityGlobals) = postSolution
		SolutionGuid = {956D0F48-5C39-46CD-ADE5-F8F51F329FB8}
	EndGlobalSection
EndGlobal
